
Microsoft Visual Studio Solution File, Format Version 12.00
# Visual Studio Version 17
VisualStudioVersion = 17.8.34330.188
MinimumVisualStudioVersion = 10.0.40219.1
Project("{8BC9CEB8-8B4A-11D0-8D11-00A0C91BC942}") = "TSMS_Master", "TSMS_Master\TSMS_Master.vcxproj", "{C242F669-42AE-4ADF-8BFD-C843342A35E6}"
EndProject
Project("{FAE04EC0-301F-11D3-BF4B-00C04F79EFBC}") = "TSMS_Vis", "TSMS_Vis\TSMS_Vis.csproj", "{FC7D7C6E-2C82-45EA-8DF2-87D0209FA9D2}"
EndProject
Project("{FAE04EC0-301F-11D3-BF4B-00C04F79EFBC}") = "TSMS_Shutdown", "TSMS_Shutdown\TSMS_Shutdown.csproj", "{86320E3D-D578-4304-B0B6-34C3697C4064}"
EndProject
Project("{FAE04EC0-301F-11D3-BF4B-00C04F79EFBC}") = "TSMS_Core", "TSMS_Core\TSMS_Core.csproj", "{EEFD526B-8F9A-4433-B3CB-B322B3275AEF}"
EndProject
Project("{FAE04EC0-301F-11D3-BF4B-00C04F79EFBC}") = "TSMS_Machine.Abstractions", "TSMS_Core\Modules\Machine\TSMS_Machine.Abstractions\TSMS_Machine.Abstractions.csproj", "{B97D5E85-3D6D-4EA6-BA35-2AEC788BB82B}"
EndProject
Project("{FAE04EC0-301F-11D3-BF4B-00C04F79EFBC}") = "TSMS_Machine.Sim", "TSMS_Core\Modules\Machine\TSMS_Machine.Sim\TSMS_Machine.Sim.csproj", "{7E54A734-424A-4367-B2C5-63B96B298459}"
EndProject
Project("{FAE04EC0-301F-11D3-BF4B-00C04F79EFBC}") = "TSMS_Core.GuiUdp", "TSMS_Core\GUI\TSMS_Core.GuiUdp\TSMS_Core.GuiUdp.csproj", "{0E4A12CD-E744-43FB-8894-5870CD5165EF}"
EndProject
Project("{FAE04EC0-301F-11D3-BF4B-00C04F79EFBC}") = "TSMS_Meter.Abstractions", "TSMS_Core\Modules\Meter\TSMS_Meter.Abstractions\TSMS_Meter.Abstractions.csproj", "{A8D5E79D-3370-4C15-A387-6A3DE608EAE4}"
EndProject
Project("{FAE04EC0-301F-11D3-BF4B-00C04F79EFBC}") = "TSMS_Meter.Sim", "TSMS_Core\Modules\Meter\TSMS_Meter.Sim\TSMS_Meter.Sim.csproj", "{781DD130-2AF2-48EE-BD5C-CB2366A0D0CE}"
EndProject
Project("{2150E333-8FDC-42A3-9474-1A3956D46DE8}") = "01 Main Projects", "01 Main Projects", "{9FE05101-9777-4A3D-81E5-86F4E628A45A}"
EndProject
Project("{2150E333-8FDC-42A3-9474-1A3956D46DE8}") = "TSMS_Core Modules", "TSMS_Core Modules", "{EEAA6F81-7B6A-4B4D-BB34-4B86053D52A8}"
EndProject
Project("{2150E333-8FDC-42A3-9474-1A3956D46DE8}") = "03 Legacy C++", "03 Legacy C++", "{7D876E5A-6EC6-4EB0-A7A6-9E6BFAB9CC0D}"
EndProject
Global
	GlobalSection(SolutionConfigurationPlatforms) = preSolution
		Debug|Any CPU = Debug|Any CPU
		Debug|x86 = Debug|x86
		Debug|x64 = Debug|x64
		Release|Any CPU = Release|Any CPU
		Release|x86 = Release|x86
		Release|x64 = Release|x64
	EndGlobalSection
	GlobalSection(ProjectConfigurationPlatforms) = postSolution
		{C242F669-42AE-4ADF-8BFD-C843342A35E6}.Debug|Any CPU.ActiveCfg = Debug|Win32
		{C242F669-42AE-4ADF-8BFD-C843342A35E6}.Debug|Any CPU.Build.0 = Debug|Win32
		{C242F669-42AE-4ADF-8BFD-C843342A35E6}.Debug|x86.ActiveCfg = Debug|Win32
		{C242F669-42AE-4ADF-8BFD-C843342A35E6}.Debug|x86.Build.0 = Debug|Win32
		{C242F669-42AE-4ADF-8BFD-C843342A35E6}.Debug|x64.ActiveCfg = Debug|x64
		{C242F669-42AE-4ADF-8BFD-C843342A35E6}.Debug|x64.Build.0 = Debug|x64
		{C242F669-42AE-4ADF-8BFD-C843342A35E6}.Release|Any CPU.ActiveCfg = Release|Win32
		{C242F669-42AE-4ADF-8BFD-C843342A35E6}.Release|Any CPU.Build.0 = Release|Win32
		{C242F669-42AE-4ADF-8BFD-C843342A35E6}.Release|x86.ActiveCfg = Release|Win32
		{C242F669-42AE-4ADF-8BFD-C843342A35E6}.Release|x86.Build.0 = Release|Win32
		{C242F669-42AE-4ADF-8BFD-C843342A35E6}.Release|x64.ActiveCfg = Release|x64
		{C242F669-42AE-4ADF-8BFD-C843342A35E6}.Release|x64.Build.0 = Release|x64
		{FC7D7C6E-2C82-45EA-8DF2-87D0209FA9D2}.Debug|Any CPU.ActiveCfg = Debug|Any CPU
		{FC7D7C6E-2C82-45EA-8DF2-87D0209FA9D2}.Debug|Any CPU.Build.0 = Debug|Any CPU
		{FC7D7C6E-2C82-45EA-8DF2-87D0209FA9D2}.Debug|x86.ActiveCfg = Debug|Any CPU
		{FC7D7C6E-2C82-45EA-8DF2-87D0209FA9D2}.Debug|x86.Build.0 = Debug|Any CPU
		{FC7D7C6E-2C82-45EA-8DF2-87D0209FA9D2}.Debug|x64.ActiveCfg = Debug|Any CPU
		{FC7D7C6E-2C82-45EA-8DF2-87D0209FA9D2}.Debug|x64.Build.0 = Debug|Any CPU
		{FC7D7C6E-2C82-45EA-8DF2-87D0209FA9D2}.Release|Any CPU.ActiveCfg = Release|Any CPU
		{FC7D7C6E-2C82-45EA-8DF2-87D0209FA9D2}.Release|Any CPU.Build.0 = Release|Any CPU
		{FC7D7C6E-2C82-45EA-8DF2-87D0209FA9D2}.Release|x86.ActiveCfg = Release|Any CPU
		{FC7D7C6E-2C82-45EA-8DF2-87D0209FA9D2}.Release|x86.Build.0 = Release|Any CPU
		{FC7D7C6E-2C82-45EA-8DF2-87D0209FA9D2}.Release|x64.ActiveCfg = Release|Any CPU
		{FC7D7C6E-2C82-45EA-8DF2-87D0209FA9D2}.Release|x64.Build.0 = Release|Any CPU
		{86320E3D-D578-4304-B0B6-34C3697C4064}.Debug|Any CPU.ActiveCfg = Debug|Any CPU
		{86320E3D-D578-4304-B0B6-34C3697C4064}.Debug|Any CPU.Build.0 = Debug|Any CPU
		{86320E3D-D578-4304-B0B6-34C3697C4064}.Debug|x86.ActiveCfg = Debug|Any CPU
		{86320E3D-D578-4304-B0B6-34C3697C4064}.Debug|x86.Build.0 = Debug|Any CPU
		{86320E3D-D578-4304-B0B6-34C3697C4064}.Debug|x64.ActiveCfg = Debug|Any CPU
		{86320E3D-D578-4304-B0B6-34C3697C4064}.Debug|x64.Build.0 = Debug|Any CPU
		{86320E3D-D578-4304-B0B6-34C3697C4064}.Release|Any CPU.ActiveCfg = Release|Any CPU
		{86320E3D-D578-4304-B0B6-34C3697C4064}.Release|Any CPU.Build.0 = Release|Any CPU
		{86320E3D-D578-4304-B0B6-34C3697C4064}.Release|x86.ActiveCfg = Release|Any CPU
		{86320E3D-D578-4304-B0B6-34C3697C4064}.Release|x86.Build.0 = Release|Any CPU
		{86320E3D-D578-4304-B0B6-34C3697C4064}.Release|x64.ActiveCfg = Release|Any CPU
		{86320E3D-D578-4304-B0B6-34C3697C4064}.Release|x64.Build.0 = Release|Any CPU
		{EEFD526B-8F9A-4433-B3CB-B322B3275AEF}.Debug|Any CPU.ActiveCfg = Debug|Any CPU
		{EEFD526B-8F9A-4433-B3CB-B322B3275AEF}.Debug|Any CPU.Build.0 = Debug|Any CPU
		{EEFD526B-8F9A-4433-B3CB-B322B3275AEF}.Debug|x86.ActiveCfg = Debug|Any CPU
		{EEFD526B-8F9A-4433-B3CB-B322B3275AEF}.Debug|x86.Build.0 = Debug|Any CPU
		{EEFD526B-8F9A-4433-B3CB-B322B3275AEF}.Debug|x64.ActiveCfg = Debug|Any CPU
		{EEFD526B-8F9A-4433-B3CB-B322B3275AEF}.Debug|x64.Build.0 = Debug|Any CPU
		{EEFD526B-8F9A-4433-B3CB-B322B3275AEF}.Release|Any CPU.ActiveCfg = Release|Any CPU
		{EEFD526B-8F9A-4433-B3CB-B322B3275AEF}.Release|Any CPU.Build.0 = Release|Any CPU
		{EEFD526B-8F9A-4433-B3CB-B322B3275AEF}.Release|x86.ActiveCfg = Release|Any CPU
		{EEFD526B-8F9A-4433-B3CB-B322B3275AEF}.Release|x86.Build.0 = Release|Any CPU
		{EEFD526B-8F9A-4433-B3CB-B322B3275AEF}.Release|x64.ActiveCfg = Release|Any CPU
		{EEFD526B-8F9A-4433-B3CB-B322B3275AEF}.Release|x64.Build.0 = Release|Any CPU
		{B97D5E85-3D6D-4EA6-BA35-2AEC788BB82B}.Debug|Any CPU.ActiveCfg = Debug|Any CPU
		{B97D5E85-3D6D-4EA6-BA35-2AEC788BB82B}.Debug|Any CPU.Build.0 = Debug|Any CPU
		{B97D5E85-3D6D-4EA6-BA35-2AEC788BB82B}.Debug|x86.ActiveCfg = Debug|Any CPU
		{B97D5E85-3D6D-4EA6-BA35-2AEC788BB82B}.Debug|x86.Build.0 = Debug|Any CPU
		{B97D5E85-3D6D-4EA6-BA35-2AEC788BB82B}.Debug|x64.ActiveCfg = Debug|Any CPU
		{B97D5E85-3D6D-4EA6-BA35-2AEC788BB82B}.Debug|x64.Build.0 = Debug|Any CPU
		{B97D5E85-3D6D-4EA6-BA35-2AEC788BB82B}.Release|Any CPU.ActiveCfg = Release|Any CPU
		{B97D5E85-3D6D-4EA6-BA35-2AEC788BB82B}.Release|Any CPU.Build.0 = Release|Any CPU
		{B97D5E85-3D6D-4EA6-BA35-2AEC788BB82B}.Release|x86.ActiveCfg = Release|Any CPU
		{B97D5E85-3D6D-4EA6-BA35-2AEC788BB82B}.Release|x86.Build.0 = Release|Any CPU
		{B97D5E85-3D6D-4EA6-BA35-2AEC788BB82B}.Release|x64.ActiveCfg = Release|Any CPU
		{B97D5E85-3D6D-4EA6-BA35-2AEC788BB82B}.Release|x64.Build.0 = Release|Any CPU
		{7E54A734-424A-4367-B2C5-63B96B298459}.Debug|Any CPU.ActiveCfg = Debug|Any CPU
		{7E54A734-424A-4367-B2C5-63B96B298459}.Debug|Any CPU.Build.0 = Debug|Any CPU
		{7E54A734-424A-4367-B2C5-63B96B298459}.Debug|x86.ActiveCfg = Debug|Any CPU
		{7E54A734-424A-4367-B2C5-63B96B298459}.Debug|x86.Build.0 = Debug|Any CPU
		{7E54A734-424A-4367-B2C5-63B96B298459}.Debug|x64.ActiveCfg = Debug|Any CPU
		{7E54A734-424A-4367-B2C5-63B96B298459}.Debug|x64.Build.0 = Debug|Any CPU
		{7E54A734-424A-4367-B2C5-63B96B298459}.Release|Any CPU.ActiveCfg = Release|Any CPU
		{7E54A734-424A-4367-B2C5-63B96B298459}.Release|Any CPU.Build.0 = Release|Any CPU
		{7E54A734-424A-4367-B2C5-63B96B298459}.Release|x86.ActiveCfg = Release|Any CPU
		{7E54A734-424A-4367-B2C5-63B96B298459}.Release|x86.Build.0 = Release|Any CPU
		{7E54A734-424A-4367-B2C5-63B96B298459}.Release|x64.ActiveCfg = Release|Any CPU
		{7E54A734-424A-4367-B2C5-63B96B298459}.Release|x64.Build.0 = Release|Any CPU
		{0E4A12CD-E744-43FB-8894-5870CD5165EF}.Debug|Any CPU.ActiveCfg = Debug|Any CPU
		{0E4A12CD-E744-43FB-8894-5870CD5165EF}.Debug|Any CPU.Build.0 = Debug|Any CPU
		{0E4A12CD-E744-43FB-8894-5870CD5165EF}.Debug|x86.ActiveCfg = Debug|Any CPU
		{0E4A12CD-E744-43FB-8894-5870CD5165EF}.Debug|x86.Build.0 = Debug|Any CPU
		{0E4A12CD-E744-43FB-8894-5870CD5165EF}.Debug|x64.ActiveCfg = Debug|Any CPU
		{0E4A12CD-E744-43FB-8894-5870CD5165EF}.Debug|x64.Build.0 = Debug|Any CPU
		{0E4A12CD-E744-43FB-8894-5870CD5165EF}.Release|Any CPU.ActiveCfg = Release|Any CPU
		{0E4A12CD-E744-43FB-8894-5870CD5165EF}.Release|Any CPU.Build.0 = Release|Any CPU
		{0E4A12CD-E744-43FB-8894-5870CD5165EF}.Release|x86.ActiveCfg = Release|Any CPU
		{0E4A12CD-E744-43FB-8894-5870CD5165EF}.Release|x86.Build.0 = Release|Any CPU
		{0E4A12CD-E744-43FB-8894-5870CD5165EF}.Release|x64.ActiveCfg = Release|Any CPU
		{0E4A12CD-E744-43FB-8894-5870CD5165EF}.Release|x64.Build.0 = Release|Any CPU
		{A8D5E79D-3370-4C15-A387-6A3DE608EAE4}.Debug|Any CPU.ActiveCfg = Debug|Any CPU
		{A8D5E79D-3370-4C15-A387-6A3DE608EAE4}.Debug|Any CPU.Build.0 = Debug|Any CPU
		{A8D5E79D-3370-4C15-A387-6A3DE608EAE4}.Debug|x86.ActiveCfg = Debug|Any CPU
		{A8D5E79D-3370-4C15-A387-6A3DE608EAE4}.Debug|x86.Build.0 = Debug|Any CPU
		{A8D5E79D-3370-4C15-A387-6A3DE608EAE4}.Debug|x64.ActiveCfg = Debug|Any CPU
		{A8D5E79D-3370-4C15-A387-6A3DE608EAE4}.Debug|x64.Build.0 = Debug|Any CPU
		{A8D5E79D-3370-4C15-A387-6A3DE608EAE4}.Release|Any CPU.ActiveCfg = Release|Any CPU
		{A8D5E79D-3370-4C15-A387-6A3DE608EAE4}.Release|Any CPU.Build.0 = Release|Any CPU
		{A8D5E79D-3370-4C15-A387-6A3DE608EAE4}.Release|x86.ActiveCfg = Release|Any CPU
		{A8D5E79D-3370-4C15-A387-6A3DE608EAE4}.Release|x86.Build.0 = Release|Any CPU
		{A8D5E79D-3370-4C15-A387-6A3DE608EAE4}.Release|x64.ActiveCfg = Release|Any CPU
		{A8D5E79D-3370-4C15-A387-6A3DE608EAE4}.Release|x64.Build.0 = Release|Any CPU
		{781DD130-2AF2-48EE-BD5C-CB2366A0D0CE}.Debug|Any CPU.ActiveCfg = Debug|Any CPU
		{781DD130-2AF2-48EE-BD5C-CB2366A0D0CE}.Debug|Any CPU.Build.0 = Debug|Any CPU
		{781DD130-2AF2-48EE-BD5C-CB2366A0D0CE}.Debug|x86.ActiveCfg = Debug|Any CPU
		{781DD130-2AF2-48EE-BD5C-CB2366A0D0CE}.Debug|x86.Build.0 = Debug|Any CPU
		{781DD130-2AF2-48EE-BD5C-CB2366A0D0CE}.Debug|x64.ActiveCfg = Debug|Any CPU
		{781DD130-2AF2-48EE-BD5C-CB2366A0D0CE}.Debug|x64.Build.0 = Debug|Any CPU
		{781DD130-2AF2-48EE-BD5C-CB2366A0D0CE}.Release|Any CPU.ActiveCfg = Release|Any CPU
		{781DD130-2AF2-48EE-BD5C-CB2366A0D0CE}.Release|Any CPU.Build.0 = Release|Any CPU
		{781DD130-2AF2-48EE-BD5C-CB2366A0D0CE}.Release|x86.ActiveCfg = Release|Any CPU
		{781DD130-2AF2-48EE-BD5C-CB2366A0D0CE}.Release|x86.Build.0 = Release|Any CPU
		{781DD130-2AF2-48EE-BD5C-CB2366A0D0CE}.Release|x64.ActiveCfg = Release|Any CPU
		{781DD130-2AF2-48EE-BD5C-CB2366A0D0CE}.Release|x64.Build.0 = Release|Any CPU
	EndGlobalSection
	GlobalSection(SolutionProperties) = preSolution
		HideSolutionNode = FALSE
	EndGlobalSection
	GlobalSection(NestedProjects) = preSolution
		{FC7D7C6E-2C82-45EA-8DF2-87D0209FA9D2} = {9FE05101-9777-4A3D-81E5-86F4E628A45A}
		{EEFD526B-8F9A-4433-B3CB-B322B3275AEF} = {9FE05101-9777-4A3D-81E5-86F4E628A45A}
		{86320E3D-D578-4304-B0B6-34C3697C4064} = {9FE05101-9777-4A3D-81E5-86F4E628A45A}
		{0E4A12CD-E744-43FB-8894-5870CD5165EF} = {9FE05101-9777-4A3D-81E5-86F4E628A45A}
		{B97D5E85-3D6D-4EA6-BA35-2AEC788BB82B} = {EEAA6F81-7B6A-4B4D-BB34-4B86053D52A8}
		{7E54A734-424A-4367-B2C5-63B96B298459} = {EEAA6F81-7B6A-4B4D-BB34-4B86053D52A8}
		{A8D5E79D-3370-4C15-A387-6A3DE608EAE4} = {EEAA6F81-7B6A-4B4D-BB34-4B86053D52A8}
		{781DD130-2AF2-48EE-BD5C-CB2366A0D0CE} = {EEAA6F81-7B6A-4B4D-BB34-4B86053D52A8}
		{C242F669-42AE-4ADF-8BFD-C843342A35E6} = {7D876E5A-6EC6-4EB0-A7A6-9E6BFAB9CC0D}
		{EEAA6F81-7B6A-4B4D-BB34-4B86053D52A8} = {9FE05101-9777-4A3D-81E5-86F4E628A45A}
	EndGlobalSection
	GlobalSection(ExtensibilityGlobals) = postSolution
		SolutionGuid = {72E3639A-E597-478A-82FF-A5AF25E48FC0}
		RESX_Rules = {"EnabledRules":["WhiteSpaceLead","WhiteSpaceTail"]}
	EndGlobalSection
EndGlobal
